
Microsoft Visual Studio Solution File, Format Version 12.00
# Visual Studio Version 16
VisualStudioVersion = 16.0.31729.503
MinimumVisualStudioVersion = 10.0.40219.1
Project("{FAE04EC0-301F-11D3-BF4B-00C04F79EFBC}") = "PrimaGeo", "PrimaGeo\PrimaGeo.csproj", "{AEF2FA8E-2FAE-4696-923B-0C397F6FB9A2}"
EndProject
Project("{FAE04EC0-301F-11D3-BF4B-00C04F79EFBC}") = "PrimaGeo.Backend", "PrimaGeo.Rest\PrimaGeo.Backend.csproj", "{9F38F75D-7B5F-4C62-BCA5-3A10F749576F}"
EndProject
Project("{FAE04EC0-301F-11D3-BF4B-00C04F79EFBC}") = "PrimaGeo.Console", "PrimaGeo.Console\PrimaGeo.Console.csproj", "{8EC8E4D7-831B-4798-BCF6-6EF221319B0C}"
EndProject
Global
	GlobalSection(SolutionConfigurationPlatforms) = preSolution
		Debug|Any CPU = Debug|Any CPU
		Release|Any CPU = Release|Any CPU
	EndGlobalSection
	GlobalSection(ProjectConfigurationPlatforms) = postSolution
		{AEF2FA8E-2FAE-4696-923B-0C397F6FB9A2}.Debug|Any CPU.ActiveCfg = Debug|Any CPU
		{AEF2FA8E-2FAE-4696-923B-0C397F6FB9A2}.Debug|Any CPU.Build.0 = Debug|Any CPU
		{AEF2FA8E-2FAE-4696-923B-0C397F6FB9A2}.Release|Any CPU.ActiveCfg = Release|Any CPU
		{AEF2FA8E-2FAE-4696-923B-0C397F6FB9A2}.Release|Any CPU.Build.0 = Release|Any CPU
		{9F38F75D-7B5F-4C62-BCA5-3A10F749576F}.Debug|Any CPU.ActiveCfg = Debug|Any CPU
		{9F38F75D-7B5F-4C62-BCA5-3A10F749576F}.Debug|Any CPU.Build.0 = Debug|Any CPU
		{9F38F75D-7B5F-4C62-BCA5-3A10F749576F}.Release|Any CPU.ActiveCfg = Release|Any CPU
		{9F38F75D-7B5F-4C62-BCA5-3A10F749576F}.Release|Any CPU.Build.0 = Release|Any CPU
		{8EC8E4D7-831B-4798-BCF6-6EF221319B0C}.Debug|Any CPU.ActiveCfg = Debug|Any CPU
		{8EC8E4D7-831B-4798-BCF6-6EF221319B0C}.Debug|Any CPU.Build.0 = Debug|Any CPU
		{8EC8E4D7-831B-4798-BCF6-6EF221319B0C}.Release|Any CPU.ActiveCfg = Release|Any CPU
		{8EC8E4D7-831B-4798-BCF6-6EF221319B0C}.Release|Any CPU.Build.0 = Release|Any CPU
	EndGlobalSection
	GlobalSection(SolutionProperties) = preSolution
		HideSolutionNode = FALSE
	EndGlobalSection
	GlobalSection(ExtensibilityGlobals) = postSolution
		SolutionGuid = {F65C7566-F86F-4548-9411-74AD1709E476}
	EndGlobalSection
EndGlobal
